{
  "originHash": "2c1edbb9aa4aed7663501e3338d324c7016302b32182fae733db881bfb22a2dc",
  "pins": [
    {
      "identity": "tomldecoder",
      "kind": "remoteSourceControl",
      "location": "https://github.com/dduan/TOMLDecoder",
      "state": {
        "revision": "018127977b7f67e4d60938ca69db2c56ff265109",
        "version": "0.3.1"
      }
    }
  ],
  "version": 3
}
